
Microsoft Visual Studio Solution File, Format Version 12.00
# Visual Studio Version 17
VisualStudioVersion = 17.1.32421.90
MinimumVisualStudioVersion = 10.0.40219.1
Project("{FAE04EC0-301F-11D3-BF4B-00C04F79EFBC}") = "01- ByteBank", "01- ByteBank\01- ByteBank.csproj", "{ED2AD84B-06C1-4B26-9F2D-376B402EFE97}"
EndProject
Project("{FAE04EC0-301F-11D3-BF4B-00C04F79EFBC}") = "02-ByteBank", "02-ByteBank\02-ByteBank.csproj", "{ACFD82F5-9211-4CE4-82E8-978329F516A2}"
EndProject
Project("{FAE04EC0-301F-11D3-BF4B-00C04F79EFBC}") = "03-ByteBank", "03-ByteBank\03-ByteBank.csproj", "{8AB3BA19-5A97-40B9-A1C7-5C517B10FD1F}"
EndProject
Project("{FAE04EC0-301F-11D3-BF4B-00C04F79EFBC}") = "04-ByteBank", "04-ByteBank\04-ByteBank.csproj", "{BECF729C-2DF0-448D-A35D-113F10EE8B95}"
EndProject
Project("{FAE04EC0-301F-11D3-BF4B-00C04F79EFBC}") = "05-ByteBank", "05-ByteBank\05-ByteBank.csproj", "{43B18D78-81C6-4695-A77A-AE9986CBD60D}"
EndProject
Project("{FAE04EC0-301F-11D3-BF4B-00C04F79EFBC}") = "06-ByteBank", "06-ByteBank\06-ByteBank.csproj", "{5EBED7B4-09EA-4F66-9C2A-E37DF9013738}"
EndProject
Project("{FAE04EC0-301F-11D3-BF4B-00C04F79EFBC}") = "07-ByteBank", "07-ByteBank\07-ByteBank.csproj", "{5728C0E7-857B-41D1-B9DD-D5E6393D92AE}"
EndProject
Global
	GlobalSection(SolutionConfigurationPlatforms) = preSolution
		Debug|Any CPU = Debug|Any CPU
		Release|Any CPU = Release|Any CPU
	EndGlobalSection
	GlobalSection(ProjectConfigurationPlatforms) = postSolution
		{ED2AD84B-06C1-4B26-9F2D-376B402EFE97}.Debug|Any CPU.ActiveCfg = Debug|Any CPU
		{ED2AD84B-06C1-4B26-9F2D-376B402EFE97}.Debug|Any CPU.Build.0 = Debug|Any CPU
		{ED2AD84B-06C1-4B26-9F2D-376B402EFE97}.Release|Any CPU.ActiveCfg = Release|Any CPU
		{ED2AD84B-06C1-4B26-9F2D-376B402EFE97}.Release|Any CPU.Build.0 = Release|Any CPU
		{ACFD82F5-9211-4CE4-82E8-978329F516A2}.Debug|Any CPU.ActiveCfg = Debug|Any CPU
		{ACFD82F5-9211-4CE4-82E8-978329F516A2}.Debug|Any CPU.Build.0 = Debug|Any CPU
		{ACFD82F5-9211-4CE4-82E8-978329F516A2}.Release|Any CPU.ActiveCfg = Release|Any CPU
		{ACFD82F5-9211-4CE4-82E8-978329F516A2}.Release|Any CPU.Build.0 = Release|Any CPU
		{8AB3BA19-5A97-40B9-A1C7-5C517B10FD1F}.Debug|Any CPU.ActiveCfg = Debug|Any CPU
		{8AB3BA19-5A97-40B9-A1C7-5C517B10FD1F}.Debug|Any CPU.Build.0 = Debug|Any CPU
		{8AB3BA19-5A97-40B9-A1C7-5C517B10FD1F}.Release|Any CPU.ActiveCfg = Release|Any CPU
		{8AB3BA19-5A97-40B9-A1C7-5C517B10FD1F}.Release|Any CPU.Build.0 = Release|Any CPU
		{BECF729C-2DF0-448D-A35D-113F10EE8B95}.Debug|Any CPU.ActiveCfg = Debug|Any CPU
		{BECF729C-2DF0-448D-A35D-113F10EE8B95}.Debug|Any CPU.Build.0 = Debug|Any CPU
		{BECF729C-2DF0-448D-A35D-113F10EE8B95}.Release|Any CPU.ActiveCfg = Release|Any CPU
		{BECF729C-2DF0-448D-A35D-113F10EE8B95}.Release|Any CPU.Build.0 = Release|Any CPU
		{43B18D78-81C6-4695-A77A-AE9986CBD60D}.Debug|Any CPU.ActiveCfg = Debug|Any CPU
		{43B18D78-81C6-4695-A77A-AE9986CBD60D}.Debug|Any CPU.Build.0 = Debug|Any CPU
		{43B18D78-81C6-4695-A77A-AE9986CBD60D}.Release|Any CPU.ActiveCfg = Release|Any CPU
		{43B18D78-81C6-4695-A77A-AE9986CBD60D}.Release|Any CPU.Build.0 = Release|Any CPU
		{5EBED7B4-09EA-4F66-9C2A-E37DF9013738}.Debug|Any CPU.ActiveCfg = Debug|Any CPU
		{5EBED7B4-09EA-4F66-9C2A-E37DF9013738}.Debug|Any CPU.Build.0 = Debug|Any CPU
		{5EBED7B4-09EA-4F66-9C2A-E37DF9013738}.Release|Any CPU.ActiveCfg = Release|Any CPU
		{5EBED7B4-09EA-4F66-9C2A-E37DF9013738}.Release|Any CPU.Build.0 = Release|Any CPU
		{5728C0E7-857B-41D1-B9DD-D5E6393D92AE}.Debug|Any CPU.ActiveCfg = Debug|Any CPU
		{5728C0E7-857B-41D1-B9DD-D5E6393D92AE}.Debug|Any CPU.Build.0 = Debug|Any CPU
		{5728C0E7-857B-41D1-B9DD-D5E6393D92AE}.Release|Any CPU.ActiveCfg = Release|Any CPU
		{5728C0E7-857B-41D1-B9DD-D5E6393D92AE}.Release|Any CPU.Build.0 = Release|Any CPU
	EndGlobalSection
	GlobalSection(SolutionProperties) = preSolution
		HideSolutionNode = FALSE
	EndGlobalSection
	GlobalSection(ExtensibilityGlobals) = postSolution
		SolutionGuid = {79B6BBEF-CDE6-45CA-87C0-54ECD3CDFE0B}
	EndGlobalSection
EndGlobal
